
Microsoft Visual Studio Solution File, Format Version 12.00
# Visual Studio 15
VisualStudioVersion = 15.0.28307.779
MinimumVisualStudioVersion = 10.0.40219.1
Project("{54435603-DBB4-11D2-8724-00A0C9A8B90C}") = "ConverterSetup", "ConverterSetup\ConverterSetup.vdproj", "{34228A3F-D95F-4721-9B1A-88DB608062B5}"
EndProject
Project("{FAE04EC0-301F-11D3-BF4B-00C04F79EFBC}") = "CoordinateConverter", "..\..\..\Desktop\Backup\CoordinateConverter\CoordinateConverter\CoordinateConverter.csproj", "{D73E6E2F-2F75-46FE-8D8D-7A0DB68273AA}"
EndProject
Global
	GlobalSection(SolutionConfigurationPlatforms) = preSolution
		Debug|Any CPU = Debug|Any CPU
		Release|Any CPU = Release|Any CPU
	EndGlobalSection
	GlobalSection(ProjectConfigurationPlatforms) = postSolution
		{34228A3F-D95F-4721-9B1A-88DB608062B5}.Debug|Any CPU.ActiveCfg = Debug
		{34228A3F-D95F-4721-9B1A-88DB608062B5}.Debug|Any CPU.Build.0 = Debug
		{34228A3F-D95F-4721-9B1A-88DB608062B5}.Release|Any CPU.ActiveCfg = Release
		{34228A3F-D95F-4721-9B1A-88DB608062B5}.Release|Any CPU.Build.0 = Release
		{D73E6E2F-2F75-46FE-8D8D-7A0DB68273AA}.Debug|Any CPU.ActiveCfg = Debug|Any CPU
		{D73E6E2F-2F75-46FE-8D8D-7A0DB68273AA}.Debug|Any CPU.Build.0 = Debug|Any CPU
		{D73E6E2F-2F75-46FE-8D8D-7A0DB68273AA}.Release|Any CPU.ActiveCfg = Release|Any CPU
		{D73E6E2F-2F75-46FE-8D8D-7A0DB68273AA}.Release|Any CPU.Build.0 = Release|Any CPU
	EndGlobalSection
	GlobalSection(SolutionProperties) = preSolution
		HideSolutionNode = FALSE
	EndGlobalSection
	GlobalSection(ExtensibilityGlobals) = postSolution
		SolutionGuid = {D1F35C0B-8791-417C-B658-74129A4D7711}
	EndGlobalSection
EndGlobal
